
Microsoft Visual Studio Solution File, Format Version 12.00
# Visual Studio Version 17
VisualStudioVersion = 17.11.35208.52
MinimumVisualStudioVersion = 10.0.40219.1
Project("{FAE04EC0-301F-11D3-BF4B-00C04F79EFBC}") = "SkeletonKey", "SkeletonKey\SkeletonKey.csproj", "{C055AA79-4B33-4033-BFE1-E64262D02531}"
EndProject
Project("{2150E333-8FDC-42A3-9474-1A3956D46DE8}") = "Solution Items", "Solution Items", "{1A7C8E46-806A-45FA-B725-53A9CA3CE149}"
EndProject
Global
	GlobalSection(SolutionConfigurationPlatforms) = preSolution
		Debug|Any CPU = Debug|Any CPU
		Release|Any CPU = Release|Any CPU
	EndGlobalSection
	GlobalSection(ProjectConfigurationPlatforms) = postSolution
		{C055AA79-4B33-4033-BFE1-E64262D02531}.Debug|Any CPU.ActiveCfg = Debug|Any CPU
		{C055AA79-4B33-4033-BFE1-E64262D02531}.Debug|Any CPU.Build.0 = Debug|Any CPU
		{C055AA79-4B33-4033-BFE1-E64262D02531}.Release|Any CPU.ActiveCfg = Release|Any CPU
		{C055AA79-4B33-4033-BFE1-E64262D02531}.Release|Any CPU.Build.0 = Release|Any CPU
	EndGlobalSection
	GlobalSection(SolutionProperties) = preSolution
		HideSolutionNode = FALSE
	EndGlobalSection
	GlobalSection(ExtensibilityGlobals) = postSolution
		SolutionGuid = {C1F8EE2D-B4C7-47EF-BFEA-A9D0758B78E1}
	EndGlobalSection
EndGlobal
